
Microsoft Visual Studio Solution File, Format Version 12.00
# Visual Studio Version 17
VisualStudioVersion = 17.11.35222.181
MinimumVisualStudioVersion = 10.0.40219.1
Project("{FAE04EC0-301F-11D3-BF4B-00C04F79EFBC}") = "App.Calculator", "TEC-SOFW-M4-Clase 2Pre\App.Calculator.csproj", "{55843677-5839-48AC-AE27-C3CBC22F4680}"
EndProject
Global
	GlobalSection(SolutionConfigurationPlatforms) = preSolution
		Debug|Any CPU = Debug|Any CPU
		Release|Any CPU = Release|Any CPU
	EndGlobalSection
	GlobalSection(ProjectConfigurationPlatforms) = postSolution
		{55843677-5839-48AC-AE27-C3CBC22F4680}.Debug|Any CPU.ActiveCfg = Debug|Any CPU
		{55843677-5839-48AC-AE27-C3CBC22F4680}.Debug|Any CPU.Build.0 = Debug|Any CPU
		{55843677-5839-48AC-AE27-C3CBC22F4680}.Release|Any CPU.ActiveCfg = Release|Any CPU
		{55843677-5839-48AC-AE27-C3CBC22F4680}.Release|Any CPU.Build.0 = Release|Any CPU
	EndGlobalSection
	GlobalSection(SolutionProperties) = preSolution
		HideSolutionNode = FALSE
	EndGlobalSection
	GlobalSection(ExtensibilityGlobals) = postSolution
		SolutionGuid = {33DDA48C-B6FA-467C-99F2-67088E4E91E3}
	EndGlobalSection
EndGlobal
